{
  "nodes": {
    "copilot-chat": {
      "flake": false,
      "locked": {
        "lastModified": 1781737943,
        "narHash": "sha256-jBxtWF4GNSXB+/xUnUWs0RzSXAkQKa5cd3mljTHuarw=",
        "owner": "CopilotC-Nvim",
        "repo": "CopilotChat.nvim",
        "rev": "f0c2a23ab79dc295f5e0eef0d8b587a39020c852",
        "type": "github"
      },
      "original": {
        "owner": "CopilotC-Nvim",
        "repo": "CopilotChat.nvim",
        "type": "github"
      }
    },
    "juno": {
      "flake": false,
      "locked": {
        "lastModified": 1783090656,
        "narHash": "sha256-4n6M3nj/2rKkDpAti4dabRxc7CIg7iQ7HkIoZ+UdxsE=",
        "owner": "TotalyEnglizLitrate",
        "repo": "juno.nvim",
        "rev": "15ae902d7e5c19a90a0c83518be2d6a4163489cc",
        "type": "github"
      },
      "original": {
        "owner": "TotalyEnglizLitrate",
        "repo": "juno.nvim",
        "type": "github"
      }
    },
    "nixCats": {
      "locked": {
        "lastModified": 1777273601,
        "narHash": "sha256-xBUa8Tl9V7IXI+VmLEuDc81La/EhoSn1C3EVSnJ3cfU=",
        "owner": "BirdeeHub",
        "repo": "nixCats-nvim",
        "rev": "f69ea013e328841a7def7037ed59788a76be8816",
        "type": "github"
      },
      "original": {
        "owner": "BirdeeHub",
        "repo": "nixCats-nvim",
        "type": "github"
      }
    },
    "nixpkgs": {
      "locked": {
        "lastModified": 1782723713,
        "narHash": "sha256-oPXCU/SSUokcGaJREHibG1CBX3+s/W7orDWQOZDsEeQ=",
        "owner": "nixos",
        "repo": "nixpkgs",
        "rev": "b5aa0fbd538984f6e3d201be0005b4463d8b09f8",
        "type": "github"
      },
      "original": {
        "owner": "nixos",
        "ref": "nixos-unstable",
        "repo": "nixpkgs",
        "type": "github"
      }
    },
    "org-bullets": {
      "flake": false,
      "locked": {
        "lastModified": 1774343634,
        "narHash": "sha256-Tgeqr/Zd1hJXXaln4XWGS5aZqypnpfNxgO/+pQVk7jg=",
        "owner": "nvim-orgmode",
        "repo": "org-bullets.nvim",
        "rev": "503fe053550879cc202086a40454e46a87c41ddb",
        "type": "github"
      },
      "original": {
        "owner": "nvim-orgmode",
        "repo": "org-bullets.nvim",
        "type": "github"
      }
    },
    "root": {
      "inputs": {
        "copilot-chat": "copilot-chat",
        "juno": "juno",
        "nixCats": "nixCats",
        "nixpkgs": "nixpkgs",
        "org-bullets": "org-bullets",
        "treesitter-textobjects": "treesitter-textobjects"
      }
    },
    "treesitter-textobjects": {
      "flake": false,
      "locked": {
        "lastModified": 1775552773,
        "narHash": "sha256-fOpRElIwvsFWm4AwETx7fpC3RtdH2BpCfX4YHVitqw0=",
        "owner": "nvim-treesitter",
        "repo": "nvim-treesitter-textobjects",
        "rev": "851e865342e5a4cb1ae23d31caf6e991e1c99f1e",
        "type": "github"
      },
      "original": {
        "owner": "nvim-treesitter",
        "ref": "main",
        "repo": "nvim-treesitter-textobjects",
        "type": "github"
      }
    }
  },
  "root": "root",
  "version": 7
}
